// !$*UTF8*$!
{
	archiveVersion = 1;
	classes = {
	};
	objectVersion = 56;
	objects = {

/* Begin PBXBuildFile section */
		2234DEDA2B1EFE0000F65E69 /* AppDelegate.swift in Sources */ = {isa = PBXBuildFile; fileRef = 2234DED92B1EFE0000F65E69 /* AppDelegate.swift */; };
		2234DEDC2B1EFE0000F65E69 /* SceneDelegate.swift in Sources */ = {isa = PBXBuildFile; fileRef = 2234DEDB2B1EFE0000F65E69 /* SceneDelegate.swift */; };
		2234DEE62B1EFE0100F65E69 /* Assets.xcassets in Resources */ = {isa = PBXBuildFile; fileRef = 2234DEE52B1EFE0100F65E69 /* Assets.xcassets */; };
		2234DEE92B1EFE0100F65E69 /* LaunchScreen.storyboard in Resources */ = {isa = PBXBuildFile; fileRef = 2234DEE72B1EFE0100F65E69 /* LaunchScreen.storyboard */; };
		2234DEF52B1F2D8800F65E69 /* ExpenseRegisterViewController.swift in Sources */ = {isa = PBXBuildFile; fileRef = 2234DEF42B1F2D8800F65E69 /* ExpenseRegisterViewController.swift */; };
		2234DEF82B1F2DF000F65E69 /* SnapKit in Frameworks */ = {isa = PBXBuildFile; productRef = 2234DEF72B1F2DF000F65E69 /* SnapKit */; };
		2234DEFA2B1F972800F65E69 /* ColorsExtension.swift in Sources */ = {isa = PBXBuildFile; fileRef = 2234DEF92B1F972800F65E69 /* ColorsExtension.swift */; };
/* End PBXBuildFile section */

/* Begin PBXFileReference section */
		2234DED62B1EFE0000F65E69 /* BudgetPlanner.app */ = {isa = PBXFileReference; explicitFileType = wrapper.application; includeInIndex = 0; path = BudgetPlanner.app; sourceTree = BUILT_PRODUCTS_DIR; };
		2234DED92B1EFE0000F65E69 /* AppDelegate.swift */ = {isa = PBXFileReference; lastKnownFileType = sourcecode.swift; path = AppDelegate.swift; sourceTree = "<group>"; };
		2234DEDB2B1EFE0000F65E69 /* SceneDelegate.swift */ = {isa = PBXFileReference; lastKnownFileType = sourcecode.swift; path = SceneDelegate.swift; sourceTree = "<group>"; };
		2234DEE52B1EFE0100F65E69 /* Assets.xcassets */ = {isa = PBXFileReference; lastKnownFileType = folder.assetcatalog; path = Assets.xcassets; sourceTree = "<group>"; };
		2234DEE82B1EFE0100F65E69 /* Base */ = {isa = PBXFileReference; lastKnownFileType = file.storyboard; name = Base; path = Base.lproj/LaunchScreen.storyboard; sourceTree = "<group>"; };
		2234DEEA2B1EFE0100F65E69 /* Info.plist */ = {isa = PBXFileReference; lastKnownFileType = text.plist.xml; path = Info.plist; sourceTree = "<group>"; };
		2234DEF42B1F2D8800F65E69 /* ExpenseRegisterViewController.swift */ = {isa = PBXFileReference; lastKnownFileType = sourcecode.swift; path = ExpenseRegisterViewController.swift; sourceTree = "<group>"; };
		2234DEF92B1F972800F65E69 /* ColorsExtension.swift */ = {isa = PBXFileReference; lastKnownFileType = sourcecode.swift; path = ColorsExtension.swift; sourceTree = "<group>"; };
/* End PBXFileReference section */

/* Begin PBXFrameworksBuildPhase section */
		2234DED32B1EFE0000F65E69 /* Frameworks */ = {
			isa = PBXFrameworksBuildPhase;
			buildActionMask = 2147483647;
			files = (
				2234DEF82B1F2DF000F65E69 /* SnapKit in Frameworks */,
			);
			runOnlyForDeploymentPostprocessing = 0;
		};
/* End PBXFrameworksBuildPhase section */

/* Begin PBXGroup section */
		2234DECD2B1EFE0000F65E69 = {
			isa = PBXGroup;
			children = (
				2234DED82B1EFE0000F65E69 /* BudgetPlanner */,
				2234DED72B1EFE0000F65E69 /* Products */,
			);
			sourceTree = "<group>";
		};
		2234DED72B1EFE0000F65E69 /* Products */ = {
			isa = PBXGroup;
			children = (
				2234DED62B1EFE0000F65E69 /* BudgetPlanner.app */,
			);
			name = Products;
			sourceTree = "<group>";
		};
		2234DED82B1EFE0000F65E69 /* BudgetPlanner */ = {
			isa = PBXGroup;
			children = (
				2234DED92B1EFE0000F65E69 /* AppDelegate.swift */,
				2234DEDB2B1EFE0000F65E69 /* SceneDelegate.swift */,
				2234DEE72B1EFE0100F65E69 /* LaunchScreen.storyboard */,
				2234DEE52B1EFE0100F65E69 /* Assets.xcassets */,
				2234DEEA2B1EFE0100F65E69 /* Info.plist */,
				2234DEF02B1F2CA500F65E69 /* ExpenseRegister */,
				2234DEFB2B1F996800F65E69 /* Extensions */,
			);
			path = BudgetPlanner;
			sourceTree = "<group>";
		};
		2234DEF02B1F2CA500F65E69 /* ExpenseRegister */ = {
			isa = PBXGroup;
			children = (
				2234DEF22B1F2D6400F65E69 /* Model */,
				2234DEF32B1F2D6900F65E69 /* View */,
				2234DEF12B1F2D5E00F65E69 /* ViewModel */,
			);
			path = ExpenseRegister;
			sourceTree = "<group>";
		};
		2234DEF12B1F2D5E00F65E69 /* ViewModel */ = {
			isa = PBXGroup;
			children = (
			);
			path = ViewModel;
			sourceTree = "<group>";
		};
		2234DEF22B1F2D6400F65E69 /* Model */ = {
			isa = PBXGroup;
			children = (
			);
			path = Model;
			sourceTree = "<group>";
		};
		2234DEF32B1F2D6900F65E69 /* View */ = {
			isa = PBXGroup;
			children = (
				2234DEF42B1F2D8800F65E69 /* ExpenseRegisterViewController.swift */,
			);
			path = View;
			sourceTree = "<group>";
		};
		2234DEFB2B1F996800F65E69 /* Extensions */ = {
			isa = PBXGroup;
			children = (
				2234DEF92B1F972800F65E69 /* ColorsExtension.swift */,
			);
			path = Extensions;
			sourceTree = "<group>";
		};
/* End PBXGroup section */

/* Begin PBXNativeTarget section */
		2234DED52B1EFE0000F65E69 /* BudgetPlanner */ = {
			isa = PBXNativeTarget;
			buildConfigurationList = 2234DEED2B1EFE0100F65E69 /* Build configuration list for PBXNativeTarget "BudgetPlanner" */;
			buildPhases = (
				2234DED22B1EFE0000F65E69 /* Sources */,
				2234DED32B1EFE0000F65E69 /* Frameworks */,
				2234DED42B1EFE0000F65E69 /* Resources */,
			);
			buildRules = (
			);
			dependencies = (
			);
			name = BudgetPlanner;
			packageProductDependencies = (
				2234DEF72B1F2DF000F65E69 /* SnapKit */,
			);
			productName = BudgetPlanner;
			productReference = 2234DED62B1EFE0000F65E69 /* BudgetPlanner.app */;
			productType = "com.apple.product-type.application";
		};
/* End PBXNativeTarget section */

/* Begin PBXProject section */
		2234DECE2B1EFE0000F65E69 /* Project object */ = {
			isa = PBXProject;
			attributes = {
				BuildIndependentTargetsInParallel = 1;
				LastSwiftUpdateCheck = 1420;
				LastUpgradeCheck = 1420;
				TargetAttributes = {
					2234DED52B1EFE0000F65E69 = {
						CreatedOnToolsVersion = 14.2;
					};
				};
			};
			buildConfigurationList = 2234DED12B1EFE0000F65E69 /* Build configuration list for PBXProject "BudgetPlanner" */;
			compatibilityVersion = "Xcode 14.0";
			developmentRegion = en;
			hasScannedForEncodings = 0;
			knownRegions = (
				en,
				Base,
			);
			mainGroup = 2234DECD2B1EFE0000F65E69;
			packageReferences = (
				2234DEF62B1F2DF000F65E69 /* XCRemoteSwiftPackageReference "SnapKit" */,
			);
			productRefGroup = 2234DED72B1EFE0000F65E69 /* Products */;
			projectDirPath = "";
			projectRoot = "";
			targets = (
				2234DED52B1EFE0000F65E69 /* BudgetPlanner */,
			);
		};
/* End PBXProject section */

/* Begin PBXResourcesBuildPhase section */
		2234DED42B1EFE0000F65E69 /* Resources */ = {
			isa = PBXResourcesBuildPhase;
			buildActionMask = 2147483647;
			files = (
				2234DEE92B1EFE0100F65E69 /* LaunchScreen.storyboard in Resources */,
				2234DEE62B1EFE0100F65E69 /* Assets.xcassets in Resources */,
			);
			runOnlyForDeploymentPostprocessing = 0;
		};
/* End PBXResourcesBuildPhase section */

/* Begin PBXSourcesBuildPhase section */
		2234DED22B1EFE0000F65E69 /* Sources */ = {
			isa = PBXSourcesBuildPhase;
			buildActionMask = 2147483647;
			files = (
				2234DEDA2B1EFE0000F65E69 /* AppDelegate.swift in Sources */,
				2234DEF52B1F2D8800F65E69 /* ExpenseRegisterViewController.swift in Sources */,
				2234DEDC2B1EFE0000F65E69 /* SceneDelegate.swift in Sources */,
				2234DEFA2B1F972800F65E69 /* ColorsExtension.swift in Sources */,
			);
			runOnlyForDeploymentPostprocessing = 0;
		};
/* End PBXSourcesBuildPhase section */

/* Begin PBXVariantGroup section */
		2234DEE72B1EFE0100F65E69 /* LaunchScreen.storyboard */ = {
			isa = PBXVariantGroup;
			children = (
				2234DEE82B1EFE0100F65E69 /* Base */,
			);
			name = LaunchScreen.storyboard;
			sourceTree = "<group>";
		};
/* End PBXVariantGroup section */

/* Begin XCBuildConfiguration section */
		2234DEEB2B1EFE0100F65E69 /* Debug */ = {
			isa = XCBuildConfiguration;
			buildSettings = {
				ALWAYS_SEARCH_USER_PATHS = NO;
				CLANG_ANALYZER_NONNULL = YES;
				CLANG_ANALYZER_NUMBER_OBJECT_CONVERSION = YES_AGGRESSIVE;
				CLANG_CXX_LANGUAGE_STANDARD = "gnu++20";
				CLANG_ENABLE_MODULES = YES;
				CLANG_ENABLE_OBJC_ARC = YES;
				CLANG_ENABLE_OBJC_WEAK = YES;
				CLANG_WARN_BLOCK_CAPTURE_AUTORELEASING = YES;
				CLANG_WARN_BOOL_CONVERSION = YES;
				CLANG_WARN_COMMA = YES;
				CLANG_WARN_CONSTANT_CONVERSION = YES;
				CLANG_WARN_DEPRECATED_OBJC_IMPLEMENTATIONS = YES;
				CLANG_WARN_DIRECT_OBJC_ISA_USAGE = YES_ERROR;
				CLANG_WARN_DOCUMENTATION_COMMENTS = YES;
				CLANG_WARN_EMPTY_BODY = YES;
				CLANG_WARN_ENUM_CONVERSION = YES;
				CLANG_WARN_INFINITE_RECURSION = YES;
				CLANG_WARN_INT_CONVERSION = YES;
				CLANG_WARN_NON_LITERAL_NULL_CONVERSION = YES;
				CLANG_WARN_OBJC_IMPLICIT_RETAIN_SELF = YES;
				CLANG_WARN_OBJC_LITERAL_CONVERSION = YES;
				CLANG_WARN_OBJC_ROOT_CLASS = YES_ERROR;
				CLANG_WARN_QUOTED_INCLUDE_IN_FRAMEWORK_HEADER = YES;
				CLANG_WARN_RANGE_LOOP_ANALYSIS = YES;
				CLANG_WARN_STRICT_PROTOTYPES = YES;
				CLANG_WARN_SUSPICIOUS_MOVE = YES;
				CLANG_WARN_UNGUARDED_AVAILABILITY = YES_AGGRESSIVE;
				CLANG_WARN_UNREACHABLE_CODE = YES;
				CLANG_WARN__DUPLICATE_METHOD_MATCH = YES;
				COPY_PHASE_STRIP = NO;
				DEBUG_INFORMATION_FORMAT = dwarf;
				ENABLE_STRICT_OBJC_MSGSEND = YES;
				ENABLE_TESTABILITY = YES;
				GCC_C_LANGUAGE_STANDARD = gnu11;
				GCC_DYNAMIC_NO_PIC = NO;
				GCC_NO_COMMON_BLOCKS = YES;
				GCC_OPTIMIZATION_LEVEL = 0;
				GCC_PREPROCESSOR_DEFINITIONS = (
					"DEBUG=1",
					"$(inherited)",
				);
				GCC_WARN_64_TO_32_BIT_CONVERSION = YES;
				GCC_WARN_ABOUT_RETURN_TYPE = YES_ERROR;
				GCC_WARN_UNDECLARED_SELECTOR = YES;
				GCC_WARN_UNINITIALIZED_AUTOS = YES_AGGRESSIVE;
				GCC_WARN_UNUSED_FUNCTION = YES;
				GCC_WARN_UNUSED_VARIABLE = YES;
				IPHONEOS_DEPLOYMENT_TARGET = 16.2;
				MTL_ENABLE_DEBUG_INFO = INCLUDE_SOURCE;
				MTL_FAST_MATH = YES;
				ONLY_ACTIVE_ARCH = YES;
				SDKROOT = iphoneos;
				SWIFT_ACTIVE_COMPILATION_CONDITIONS = DEBUG;
				SWIFT_OPTIMIZATION_LEVEL = "-Onone";
			};
			name = Debug;
		};
		2234DEEC2B1EFE0100F65E69 /* Release */ = {
			isa = XCBuildConfiguration;
			buildSettings = {
				ALWAYS_SEARCH_USER_PATHS = NO;
				CLANG_ANALYZER_NONNULL = YES;
				CLANG_ANALYZER_NUMBER_OBJECT_CONVERSION = YES_AGGRESSIVE;
				CLANG_CXX_LANGUAGE_STANDARD = "gnu++20";
				CLANG_ENABLE_MODULES = YES;
				CLANG_ENABLE_OBJC_ARC = YES;
				CLANG_ENABLE_OBJC_WEAK = YES;
				CLANG_WARN_BLOCK_CAPTURE_AUTORELEASING = YES;
				CLANG_WARN_BOOL_CONVERSION = YES;
				CLANG_WARN_COMMA = YES;
				CLANG_WARN_CONSTANT_CONVERSION = YES;
				CLANG_WARN_DEPRECATED_OBJC_IMPLEMENTATIONS = YES;
				CLANG_WARN_DIRECT_OBJC_ISA_USAGE = YES_ERROR;
				CLANG_WARN_DOCUMENTATION_COMMENTS = YES;
				CLANG_WARN_EMPTY_BODY = YES;
				CLANG_WARN_ENUM_CONVERSION = YES;
				CLANG_WARN_INFINITE_RECURSION = YES;
				CLANG_WARN_INT_CONVERSION = YES;
				CLANG_WARN_NON_LITERAL_NULL_CONVERSION = YES;
				CLANG_WARN_OBJC_IMPLICIT_RETAIN_SELF = YES;
				CLANG_WARN_OBJC_LITERAL_CONVERSION = YES;
				CLANG_WARN_OBJC_ROOT_CLASS = YES_ERROR;
				CLANG_WARN_QUOTED_INCLUDE_IN_FRAMEWORK_HEADER = YES;
				CLANG_WARN_RANGE_LOOP_ANALYSIS = YES;
				CLANG_WARN_STRICT_PROTOTYPES = YES;
				CLANG_WARN_SUSPICIOUS_MOVE = YES;
				CLANG_WARN_UNGUARDED_AVAILABILITY = YES_AGGRESSIVE;
				CLANG_WARN_UNREACHABLE_CODE = YES;
				CLANG_WARN__DUPLICATE_METHOD_MATCH = YES;
				COPY_PHASE_STRIP = NO;
				DEBUG_INFORMATION_FORMAT = "dwarf-with-dsym";
				ENABLE_NS_ASSERTIONS = NO;
				ENABLE_STRICT_OBJC_MSGSEND = YES;
				GCC_C_LANGUAGE_STANDARD = gnu11;
				GCC_NO_COMMON_BLOCKS = YES;
				GCC_WARN_64_TO_32_BIT_CONVERSION = YES;
				GCC_WARN_ABOUT_RETURN_TYPE = YES_ERROR;
				GCC_WARN_UNDECLARED_SELECTOR = YES;
				GCC_WARN_UNINITIALIZED_AUTOS = YES_AGGRESSIVE;
				GCC_WARN_UNUSED_FUNCTION = YES;
				GCC_WARN_UNUSED_VARIABLE = YES;
				IPHONEOS_DEPLOYMENT_TARGET = 16.2;
				MTL_ENABLE_DEBUG_INFO = NO;
				MTL_FAST_MATH = YES;
				SDKROOT = iphoneos;
				SWIFT_COMPILATION_MODE = wholemodule;
				SWIFT_OPTIMIZATION_LEVEL = "-O";
				VALIDATE_PRODUCT = YES;
			};
			name = Release;
		};
		2234DEEE2B1EFE0100F65E69 /* Debug */ = {
			isa = XCBuildConfiguration;
			buildSettings = {
				ASSETCATALOG_COMPILER_APPICON_NAME = AppIcon;
				ASSETCATALOG_COMPILER_GLOBAL_ACCENT_COLOR_NAME = AccentColor;
				CODE_SIGN_STYLE = Automatic;
				CURRENT_PROJECT_VERSION = 1;
				DEVELOPMENT_TEAM = 97TJYF8Z64;
				GENERATE_INFOPLIST_FILE = YES;
				INFOPLIST_FILE = BudgetPlanner/Info.plist;
				INFOPLIST_KEY_CFBundleDisplayName = "Budget Planner";
				INFOPLIST_KEY_UIApplicationSupportsIndirectInputEvents = YES;
				INFOPLIST_KEY_UILaunchStoryboardName = LaunchScreen;
				INFOPLIST_KEY_UIMainStoryboardFile = "";
				INFOPLIST_KEY_UIRequiresFullScreen = YES;
				INFOPLIST_KEY_UISupportedInterfaceOrientations = UIInterfaceOrientationPortrait;
				IPHONEOS_DEPLOYMENT_TARGET = 15.0;
				LD_RUNPATH_SEARCH_PATHS = (
					"$(inherited)",
					"@executable_path/Frameworks",
				);
				MARKETING_VERSION = 1.0;
				PRODUCT_BUNDLE_IDENTIFIER = ekaterina.homyakova.BudgetPlanner;
				PRODUCT_NAME = "$(TARGET_NAME)";
				SWIFT_EMIT_LOC_STRINGS = YES;
				SWIFT_VERSION = 5.0;
				TARGETED_DEVICE_FAMILY = "1,2";
			};
			name = Debug;
		};
		2234DEEF2B1EFE0100F65E69 /* Release */ = {
			isa = XCBuildConfiguration;
			buildSettings = {
				ASSETCATALOG_COMPILER_APPICON_NAME = AppIcon;
				ASSETCATALOG_COMPILER_GLOBAL_ACCENT_COLOR_NAME = AccentColor;
				CODE_SIGN_STYLE = Automatic;
				CURRENT_PROJECT_VERSION = 1;
				DEVELOPMENT_TEAM = 97TJYF8Z64;
				GENERATE_INFOPLIST_FILE = YES;
				INFOPLIST_FILE = BudgetPlanner/Info.plist;
				INFOPLIST_KEY_CFBundleDisplayName = "Budget Planner";
				INFOPLIST_KEY_UIApplicationSupportsIndirectInputEvents = YES;
				INFOPLIST_KEY_UILaunchStoryboardName = LaunchScreen;
				INFOPLIST_KEY_UIMainStoryboardFile = "";
				INFOPLIST_KEY_UIRequiresFullScreen = YES;
				INFOPLIST_KEY_UISupportedInterfaceOrientations = UIInterfaceOrientationPortrait;
				IPHONEOS_DEPLOYMENT_TARGET = 15.0;
				LD_RUNPATH_SEARCH_PATHS = (
					"$(inherited)",
					"@executable_path/Frameworks",
				);
				MARKETING_VERSION = 1.0;
				PRODUCT_BUNDLE_IDENTIFIER = ekaterina.homyakova.BudgetPlanner;
				PRODUCT_NAME = "$(TARGET_NAME)";
				SWIFT_EMIT_LOC_STRINGS = YES;
				SWIFT_VERSION = 5.0;
				TARGETED_DEVICE_FAMILY = "1,2";
			};
			name = Release;
		};
/* End XCBuildConfiguration section */

/* Begin XCConfigurationList section */
		2234DED12B1EFE0000F65E69 /* Build configuration list for PBXProject "BudgetPlanner" */ = {
			isa = XCConfigurationList;
			buildConfigurations = (
				2234DEEB2B1EFE0100F65E69 /* Debug */,
				2234DEEC2B1EFE0100F65E69 /* Release */,
			);
			defaultConfigurationIsVisible = 0;
			defaultConfigurationName = Release;
		};
		2234DEED2B1EFE0100F65E69 /* Build configuration list for PBXNativeTarget "BudgetPlanner" */ = {
			isa = XCConfigurationList;
			buildConfigurations = (
				2234DEEE2B1EFE0100F65E69 /* Debug */,
				2234DEEF2B1EFE0100F65E69 /* Release */,
			);
			defaultConfigurationIsVisible = 0;
			defaultConfigurationName = Release;
		};
/* End XCConfigurationList section */

/* Begin XCRemoteSwiftPackageReference section */
		2234DEF62B1F2DF000F65E69 /* XCRemoteSwiftPackageReference "SnapKit" */ = {
			isa = XCRemoteSwiftPackageReference;
			repositoryURL = "https://github.com/SnapKit/SnapKit";
			requirement = {
				kind = upToNextMajorVersion;
				minimumVersion = 5.0.0;
			};
		};
/* End XCRemoteSwiftPackageReference section */

/* Begin XCSwiftPackageProductDependency section */
		2234DEF72B1F2DF000F65E69 /* SnapKit */ = {
			isa = XCSwiftPackageProductDependency;
			package = 2234DEF62B1F2DF000F65E69 /* XCRemoteSwiftPackageReference "SnapKit" */;
			productName = SnapKit;
		};
/* End XCSwiftPackageProductDependency section */
	};
	rootObject = 2234DECE2B1EFE0000F65E69 /* Project object */;
}
